// !$*UTF8*$!
{
	archiveVersion = 1;
	classes = {
	};
	objectVersion = 50;
	objects = {

/* Begin PBXBuildFile section */
		C201AA1F242C3D210040F2DA /* StockTableViewCell.swift in Sources */ = {isa = PBXBuildFile; fileRef = C201AA1E242C3D210040F2DA /* StockTableViewCell.swift */; };
		C28C713E242A5F34002D7609 /* AppDelegate.swift in Sources */ = {isa = PBXBuildFile; fileRef = C28C713D242A5F34002D7609 /* AppDelegate.swift */; };
		C28C7140242A5F34002D7609 /* SceneDelegate.swift in Sources */ = {isa = PBXBuildFile; fileRef = C28C713F242A5F34002D7609 /* SceneDelegate.swift */; };
		C28C7142242A5F34002D7609 /* ViewController.swift in Sources */ = {isa = PBXBuildFile; fileRef = C28C7141242A5F34002D7609 /* ViewController.swift */; };
		C28C7145242A5F34002D7609 /* Main.storyboard in Resources */ = {isa = PBXBuildFile; fileRef = C28C7143242A5F34002D7609 /* Main.storyboard */; };
		C28C7147242A5F36002D7609 /* Assets.xcassets in Resources */ = {isa = PBXBuildFile; fileRef = C28C7146242A5F36002D7609 /* Assets.xcassets */; };
		C28C714A242A5F36002D7609 /* LaunchScreen.storyboard in Resources */ = {isa = PBXBuildFile; fileRef = C28C7148242A5F36002D7609 /* LaunchScreen.storyboard */; };
		C2C67BE7242E9CF300243ED8 /* InputViewController.swift in Sources */ = {isa = PBXBuildFile; fileRef = C2C67BE6242E9CF300243ED8 /* InputViewController.swift */; };
		C2E7773B24488A8700B75F6C /* Stock.swift in Sources */ = {isa = PBXBuildFile; fileRef = C2E7773A24488A8700B75F6C /* Stock.swift */; };
/* End PBXBuildFile section */

/* Begin PBXFileReference section */
		C201AA1E242C3D210040F2DA /* StockTableViewCell.swift */ = {isa = PBXFileReference; lastKnownFileType = sourcecode.swift; path = StockTableViewCell.swift; sourceTree = "<group>"; };
		C28C713A242A5F34002D7609 /* StockPortforlio.app */ = {isa = PBXFileReference; explicitFileType = wrapper.application; includeInIndex = 0; path = StockPortforlio.app; sourceTree = BUILT_PRODUCTS_DIR; };
		C28C713D242A5F34002D7609 /* AppDelegate.swift */ = {isa = PBXFileReference; lastKnownFileType = sourcecode.swift; path = AppDelegate.swift; sourceTree = "<group>"; };
		C28C713F242A5F34002D7609 /* SceneDelegate.swift */ = {isa = PBXFileReference; lastKnownFileType = sourcecode.swift; path = SceneDelegate.swift; sourceTree = "<group>"; };
		C28C7141242A5F34002D7609 /* ViewController.swift */ = {isa = PBXFileReference; lastKnownFileType = sourcecode.swift; path = ViewController.swift; sourceTree = "<group>"; };
		C28C7144242A5F34002D7609 /* Base */ = {isa = PBXFileReference; lastKnownFileType = file.storyboard; name = Base; path = Base.lproj/Main.storyboard; sourceTree = "<group>"; };
		C28C7146242A5F36002D7609 /* Assets.xcassets */ = {isa = PBXFileReference; lastKnownFileType = folder.assetcatalog; path = Assets.xcassets; sourceTree = "<group>"; };
		C28C7149242A5F36002D7609 /* Base */ = {isa = PBXFileReference; lastKnownFileType = file.storyboard; name = Base; path = Base.lproj/LaunchScreen.storyboard; sourceTree = "<group>"; };
		C28C714B242A5F36002D7609 /* Info.plist */ = {isa = PBXFileReference; lastKnownFileType = text.plist.xml; path = Info.plist; sourceTree = "<group>"; };
		C2C67BE6242E9CF300243ED8 /* InputViewController.swift */ = {isa = PBXFileReference; lastKnownFileType = sourcecode.swift; path = InputViewController.swift; sourceTree = "<group>"; };
		C2E7773A24488A8700B75F6C /* Stock.swift */ = {isa = PBXFileReference; lastKnownFileType = sourcecode.swift; path = Stock.swift; sourceTree = "<group>"; };
/* End PBXFileReference section */

/* Begin PBXFrameworksBuildPhase section */
		C28C7137242A5F34002D7609 /* Frameworks */ = {
			isa = PBXFrameworksBuildPhase;
			buildActionMask = 2147483647;
			files = (
			);
			runOnlyForDeploymentPostprocessing = 0;
		};
/* End PBXFrameworksBuildPhase section */

/* Begin PBXGroup section */
		C28C7131242A5F34002D7609 = {
			isa = PBXGroup;
			children = (
				C28C713C242A5F34002D7609 /* StockPortforlio */,
				C28C713B242A5F34002D7609 /* Products */,
			);
			sourceTree = "<group>";
		};
		C28C713B242A5F34002D7609 /* Products */ = {
			isa = PBXGroup;
			children = (
				C28C713A242A5F34002D7609 /* StockPortforlio.app */,
			);
			name = Products;
			sourceTree = "<group>";
		};
		C28C713C242A5F34002D7609 /* StockPortforlio */ = {
			isa = PBXGroup;
			children = (
				C28C713D242A5F34002D7609 /* AppDelegate.swift */,
				C28C713F242A5F34002D7609 /* SceneDelegate.swift */,
				C28C7141242A5F34002D7609 /* ViewController.swift */,
				C2E7773A24488A8700B75F6C /* Stock.swift */,
				C28C7143242A5F34002D7609 /* Main.storyboard */,
				C2C67BE6242E9CF300243ED8 /* InputViewController.swift */,
				C201AA1E242C3D210040F2DA /* StockTableViewCell.swift */,
				C28C7146242A5F36002D7609 /* Assets.xcassets */,
				C28C7148242A5F36002D7609 /* LaunchScreen.storyboard */,
				C28C714B242A5F36002D7609 /* Info.plist */,
			);
			path = StockPortforlio;
			sourceTree = "<group>";
		};
/* End PBXGroup section */

/* Begin PBXNativeTarget section */
		C28C7139242A5F34002D7609 /* StockPortforlio */ = {
			isa = PBXNativeTarget;
			buildConfigurationList = C28C714E242A5F36002D7609 /* Build configuration list for PBXNativeTarget "StockPortforlio" */;
			buildPhases = (
				C28C7136242A5F34002D7609 /* Sources */,
				C28C7137242A5F34002D7609 /* Frameworks */,
				C28C7138242A5F34002D7609 /* Resources */,
			);
			buildRules = (
			);
			dependencies = (
			);
			name = StockPortforlio;
			productName = StockPortforlio;
			productReference = C28C713A242A5F34002D7609 /* StockPortforlio.app */;
			productType = "com.apple.product-type.application";
		};
/* End PBXNativeTarget section */

/* Begin PBXProject section */
		C28C7132242A5F34002D7609 /* Project object */ = {
			isa = PBXProject;
			attributes = {
				LastSwiftUpdateCheck = 1130;
				LastUpgradeCheck = 1130;
				ORGANIZATIONNAME = rpwarren;
				TargetAttributes = {
					C28C7139242A5F34002D7609 = {
						CreatedOnToolsVersion = 11.3.1;
					};
				};
			};
			buildConfigurationList = C28C7135242A5F34002D7609 /* Build configuration list for PBXProject "StockPortforlio" */;
			compatibilityVersion = "Xcode 9.3";
			developmentRegion = en;
			hasScannedForEncodings = 0;
			knownRegions = (
				en,
				Base,
			);
			mainGroup = C28C7131242A5F34002D7609;
			productRefGroup = C28C713B242A5F34002D7609 /* Products */;
			projectDirPath = "";
			projectRoot = "";
			targets = (
				C28C7139242A5F34002D7609 /* StockPortforlio */,
			);
		};
/* End PBXProject section */

/* Begin PBXResourcesBuildPhase section */
		C28C7138242A5F34002D7609 /* Resources */ = {
			isa = PBXResourcesBuildPhase;
			buildActionMask = 2147483647;
			files = (
				C28C714A242A5F36002D7609 /* LaunchScreen.storyboard in Resources */,
				C28C7147242A5F36002D7609 /* Assets.xcassets in Resources */,
				C28C7145242A5F34002D7609 /* Main.storyboard in Resources */,
			);
			runOnlyForDeploymentPostprocessing = 0;
		};
/* End PBXResourcesBuildPhase section */

/* Begin PBXSourcesBuildPhase section */
		C28C7136242A5F34002D7609 /* Sources */ = {
			isa = PBXSourcesBuildPhase;
			buildActionMask = 2147483647;
			files = (
				C28C7142242A5F34002D7609 /* ViewController.swift in Sources */,
				C2C67BE7242E9CF300243ED8 /* InputViewController.swift in Sources */,
				C2E7773B24488A8700B75F6C /* Stock.swift in Sources */,
				C28C713E242A5F34002D7609 /* AppDelegate.swift in Sources */,
				C201AA1F242C3D210040F2DA /* StockTableViewCell.swift in Sources */,
				C28C7140242A5F34002D7609 /* SceneDelegate.swift in Sources */,
			);
			runOnlyForDeploymentPostprocessing = 0;
		};
/* End PBXSourcesBuildPhase section */

/* Begin PBXVariantGroup section */
		C28C7143242A5F34002D7609 /* Main.storyboard */ = {
			isa = PBXVariantGroup;
			children = (
				C28C7144242A5F34002D7609 /* Base */,
			);
			name = Main.storyboard;
			sourceTree = "<group>";
		};
		C28C7148242A5F36002D7609 /* LaunchScreen.storyboard */ = {
			isa = PBXVariantGroup;
			children = (
				C28C7149242A5F36002D7609 /* Base */,
			);
			name = LaunchScreen.storyboard;
			sourceTree = "<group>";
		};
/* End PBXVariantGroup section */

/* Begin XCBuildConfiguration section */
		C28C714C242A5F36002D7609 /* Debug */ = {
			isa = XCBuildConfiguration;
			buildSettings = {
				ALWAYS_SEARCH_USER_PATHS = NO;
				CLANG_ANALYZER_NONNULL = YES;
				CLANG_ANALYZER_NUMBER_OBJECT_CONVERSION = YES_AGGRESSIVE;
				CLANG_CXX_LANGUAGE_STANDARD = "gnu++14";
				CLANG_CXX_LIBRARY = "libc++";
				CLANG_ENABLE_MODULES = YES;
				CLANG_ENABLE_OBJC_ARC = YES;
				CLANG_ENABLE_OBJC_WEAK = YES;
				CLANG_WARN_BLOCK_CAPTURE_AUTORELEASING = YES;
				CLANG_WARN_BOOL_CONVERSION = YES;
				CLANG_WARN_COMMA = YES;
				CLANG_WARN_CONSTANT_CONVERSION = YES;
				CLANG_WARN_DEPRECATED_OBJC_IMPLEMENTATIONS = YES;
				CLANG_WARN_DIRECT_OBJC_ISA_USAGE = YES_ERROR;
				CLANG_WARN_DOCUMENTATION_COMMENTS = YES;
				CLANG_WARN_EMPTY_BODY = YES;
				CLANG_WARN_ENUM_CONVERSION = YES;
				CLANG_WARN_INFINITE_RECURSION = YES;
				CLANG_WARN_INT_CONVERSION = YES;
				CLANG_WARN_NON_LITERAL_NULL_CONVERSION = YES;
				CLANG_WARN_OBJC_IMPLICIT_RETAIN_SELF = YES;
				CLANG_WARN_OBJC_LITERAL_CONVERSION = YES;
				CLANG_WARN_OBJC_ROOT_CLASS = YES_ERROR;
				CLANG_WARN_RANGE_LOOP_ANALYSIS = YES;
				CLANG_WARN_STRICT_PROTOTYPES = YES;
				CLANG_WARN_SUSPICIOUS_MOVE = YES;
				CLANG_WARN_UNGUARDED_AVAILABILITY = YES_AGGRESSIVE;
				CLANG_WARN_UNREACHABLE_CODE = YES;
				CLANG_WARN__DUPLICATE_METHOD_MATCH = YES;
				COPY_PHASE_STRIP = NO;
				DEBUG_INFORMATION_FORMAT = dwarf;
				ENABLE_STRICT_OBJC_MSGSEND = YES;
				ENABLE_TESTABILITY = YES;
				GCC_C_LANGUAGE_STANDARD = gnu11;
				GCC_DYNAMIC_NO_PIC = NO;
				GCC_NO_COMMON_BLOCKS = YES;
				GCC_OPTIMIZATION_LEVEL = 0;
				GCC_PREPROCESSOR_DEFINITIONS = (
					"DEBUG=1",
					"$(inherited)",
				);
				GCC_WARN_64_TO_32_BIT_CONVERSION = YES;
				GCC_WARN_ABOUT_RETURN_TYPE = YES_ERROR;
				GCC_WARN_UNDECLARED_SELECTOR = YES;
				GCC_WARN_UNINITIALIZED_AUTOS = YES_AGGRESSIVE;
				GCC_WARN_UNUSED_FUNCTION = YES;
				GCC_WARN_UNUSED_VARIABLE = YES;
				IPHONEOS_DEPLOYMENT_TARGET = 13.2;
				MTL_ENABLE_DEBUG_INFO = INCLUDE_SOURCE;
				MTL_FAST_MATH = YES;
				ONLY_ACTIVE_ARCH = YES;
				SDKROOT = iphoneos;
				SWIFT_ACTIVE_COMPILATION_CONDITIONS = DEBUG;
				SWIFT_OPTIMIZATION_LEVEL = "-Onone";
			};
			name = Debug;
		};
		C28C714D242A5F36002D7609 /* Release */ = {
			isa = XCBuildConfiguration;
			buildSettings = {
				ALWAYS_SEARCH_USER_PATHS = NO;
				CLANG_ANALYZER_NONNULL = YES;
				CLANG_ANALYZER_NUMBER_OBJECT_CONVERSION = YES_AGGRESSIVE;
				CLANG_CXX_LANGUAGE_STANDARD = "gnu++14";
				CLANG_CXX_LIBRARY = "libc++";
				CLANG_ENABLE_MODULES = YES;
				CLANG_ENABLE_OBJC_ARC = YES;
				CLANG_ENABLE_OBJC_WEAK = YES;
				CLANG_WARN_BLOCK_CAPTURE_AUTORELEASING = YES;
				CLANG_WARN_BOOL_CONVERSION = YES;
				CLANG_WARN_COMMA = YES;
				CLANG_WARN_CONSTANT_CONVERSION = YES;
				CLANG_WARN_DEPRECATED_OBJC_IMPLEMENTATIONS = YES;
				CLANG_WARN_DIRECT_OBJC_ISA_USAGE = YES_ERROR;
				CLANG_WARN_DOCUMENTATION_COMMENTS = YES;
				CLANG_WARN_EMPTY_BODY = YES;
				CLANG_WARN_ENUM_CONVERSION = YES;
				CLANG_WARN_INFINITE_RECURSION = YES;
				CLANG_WARN_INT_CONVERSION = YES;
				CLANG_WARN_NON_LITERAL_NULL_CONVERSION = YES;
				CLANG_WARN_OBJC_IMPLICIT_RETAIN_SELF = YES;
				CLANG_WARN_OBJC_LITERAL_CONVERSION = YES;
				CLANG_WARN_OBJC_ROOT_CLASS = YES_ERROR;
				CLANG_WARN_RANGE_LOOP_ANALYSIS = YES;
				CLANG_WARN_STRICT_PROTOTYPES = YES;
				CLANG_WARN_SUSPICIOUS_MOVE = YES;
				CLANG_WARN_UNGUARDED_AVAILABILITY = YES_AGGRESSIVE;
				CLANG_WARN_UNREACHABLE_CODE = YES;
				CLANG_WARN__DUPLICATE_METHOD_MATCH = YES;
				COPY_PHASE_STRIP = NO;
				DEBUG_INFORMATION_FORMAT = "dwarf-with-dsym";
				ENABLE_NS_ASSERTIONS = NO;
				ENABLE_STRICT_OBJC_MSGSEND = YES;
				GCC_C_LANGUAGE_STANDARD = gnu11;
				GCC_NO_COMMON_BLOCKS = YES;
				GCC_WARN_64_TO_32_BIT_CONVERSION = YES;
				GCC_WARN_ABOUT_RETURN_TYPE = YES_ERROR;
				GCC_WARN_UNDECLARED_SELECTOR = YES;
				GCC_WARN_UNINITIALIZED_AUTOS = YES_AGGRESSIVE;
				GCC_WARN_UNUSED_FUNCTION = YES;
				GCC_WARN_UNUSED_VARIABLE = YES;
				IPHONEOS_DEPLOYMENT_TARGET = 13.2;
				MTL_ENABLE_DEBUG_INFO = NO;
				MTL_FAST_MATH = YES;
				SDKROOT = iphoneos;
				SWIFT_COMPILATION_MODE = wholemodule;
				SWIFT_OPTIMIZATION_LEVEL = "-O";
				VALIDATE_PRODUCT = YES;
			};
			name = Release;
		};
		C28C714F242A5F36002D7609 /* Debug */ = {
			isa = XCBuildConfiguration;
			buildSettings = {
				ASSETCATALOG_COMPILER_APPICON_NAME = AppIcon;
				CODE_SIGN_STYLE = Automatic;
				DEVELOPMENT_TEAM = 8ZT28FB7HX;
				INFOPLIST_FILE = StockPortforlio/Info.plist;
				LD_RUNPATH_SEARCH_PATHS = (
					"$(inherited)",
					"@executable_path/Frameworks",
				);
				PRODUCT_BUNDLE_IDENTIFIER = com.example.rpwarren.StockPortforlio;
				PRODUCT_NAME = "$(TARGET_NAME)";
				SWIFT_VERSION = 5.0;
				TARGETED_DEVICE_FAMILY = "1,2";
			};
			name = Debug;
		};
		C28C7150242A5F36002D7609 /* Release */ = {
			isa = XCBuildConfiguration;
			buildSettings = {
				ASSETCATALOG_COMPILER_APPICON_NAME = AppIcon;
				CODE_SIGN_STYLE = Automatic;
				DEVELOPMENT_TEAM = 8ZT28FB7HX;
				INFOPLIST_FILE = StockPortforlio/Info.plist;
				LD_RUNPATH_SEARCH_PATHS = (
					"$(inherited)",
					"@executable_path/Frameworks",
				);
				PRODUCT_BUNDLE_IDENTIFIER = com.example.rpwarren.StockPortforlio;
				PRODUCT_NAME = "$(TARGET_NAME)";
				SWIFT_VERSION = 5.0;
				TARGETED_DEVICE_FAMILY = "1,2";
			};
			name = Release;
		};
/* End XCBuildConfiguration section */

/* Begin XCConfigurationList section */
		C28C7135242A5F34002D7609 /* Build configuration list for PBXProject "StockPortforlio" */ = {
			isa = XCConfigurationList;
			buildConfigurations = (
				C28C714C242A5F36002D7609 /* Debug */,
				C28C714D242A5F36002D7609 /* Release */,
			);
			defaultConfigurationIsVisible = 0;
			defaultConfigurationName = Release;
		};
		C28C714E242A5F36002D7609 /* Build configuration list for PBXNativeTarget "StockPortforlio" */ = {
			isa = XCConfigurationList;
			buildConfigurations = (
				C28C714F242A5F36002D7609 /* Debug */,
				C28C7150242A5F36002D7609 /* Release */,
			);
			defaultConfigurationIsVisible = 0;
			defaultConfigurationName = Release;
		};
/* End XCConfigurationList section */
	};
	rootObject = C28C7132242A5F34002D7609 /* Project object */;
}
